
Microsoft Visual Studio Solution File, Format Version 12.00
# Visual Studio Version 16
VisualStudioVersion = 16.0.29709.97
MinimumVisualStudioVersion = 10.0.40219.1
Project("{FAE04EC0-301F-11D3-BF4B-00C04F79EFBC}") = "place-minions-back", "place-minions-back\place-minions-back.csproj", "{4D4847C1-F46D-434C-9E76-898BCD6CA5F3}"
EndProject
Global
	GlobalSection(SolutionConfigurationPlatforms) = preSolution
		Debug|Any CPU = Debug|Any CPU
		Release|Any CPU = Release|Any CPU
	EndGlobalSection
	GlobalSection(ProjectConfigurationPlatforms) = postSolution
		{4D4847C1-F46D-434C-9E76-898BCD6CA5F3}.Debug|Any CPU.ActiveCfg = Debug|Any CPU
		{4D4847C1-F46D-434C-9E76-898BCD6CA5F3}.Debug|Any CPU.Build.0 = Debug|Any CPU
		{4D4847C1-F46D-434C-9E76-898BCD6CA5F3}.Release|Any CPU.ActiveCfg = Release|Any CPU
		{4D4847C1-F46D-434C-9E76-898BCD6CA5F3}.Release|Any CPU.Build.0 = Release|Any CPU
	EndGlobalSection
	GlobalSection(SolutionProperties) = preSolution
		HideSolutionNode = FALSE
	EndGlobalSection
	GlobalSection(ExtensibilityGlobals) = postSolution
		SolutionGuid = {552BE99C-D2FD-4E95-B6DF-142BE7558271}
	EndGlobalSection
EndGlobal
